<?xml version="1.0" encoding="utf-8"?>
<Project ToolsVersion="4.0" xmlns="http://schemas.microsoft.com/developer/msbuild/2003">
  <ItemGroup>
    <Filter Include="ソース ファイル">
      <UniqueIdentifier>{4FC737F1-C7A5-4376-A066-2A32D752A2FF}</UniqueIdentifier>
      <Extensions>cpp;c;cc;cxx;def;odl;idl;hpj;bat;asm;asmx</Extensions>
    </Filter>
    <Filter Include="リソース ファイル">
      <UniqueIdentifier>{67DA6AB6-F800-4c08-8B7A-83BB121AAD01}</UniqueIdentifier>
      <Extensions>rc;ico;cur;bmp;dlg;rc2;rct;bin;rgs;gif;jpg;jpeg;jpe;resx;tiff;tif;png;wav;mfcribbon-ms</Extensions>
    </Filter>
    <Filter Include="ソース ファイル\window">
      <UniqueIdentifier>{2811536f-ec29-4459-bac5-ee59ab603484}</UniqueIdentifier>
    </Filter>
    <Filter Include="ソース ファイル\graphics">
      <UniqueIdentifier>{f01c437f-c725-46ab-8e0d-b7ec86648b53}</UniqueIdentifier>
    </Filter>
    <Filter Include="ソース ファイル\graphics\Sprite">
      <UniqueIdentifier>{0a3906a6-a735-43d8-bfe5-e3c1d0c7208c}</UniqueIdentifier>
    </Filter>
    <Filter Include="ソース ファイル\math">
      <UniqueIdentifier>{9f40258f-e323-44fd-a3bc-a35cb8cb790f}</UniqueIdentifier>
    </Filter>
    <Filter Include="ソース ファイル\Assets">
      <UniqueIdentifier>{095baad6-e590-4e7d-acaa-0cb9a3cbc92d}</UniqueIdentifier>
    </Filter>
  </ItemGroup>
  <ItemGroup>
    <ClCompile Include="main.cpp">
      <Filter>ソース ファイル</Filter>
    </ClCompile>
    <ClCompile Include="stdafx.cpp">
      <Filter>ソース ファイル</Filter>
    </ClCompile>
    <ClCompile Include="window\Window.cpp">
      <Filter>ソース ファイル\window</Filter>
    </ClCompile>
    <ClCompile Include="graphics\Sprite\Sprite.cpp">
      <Filter>ソース ファイル\graphics\Sprite</Filter>
    </ClCompile>
    <ClCompile Include="graphics\Sprite\Effect.cpp">
      <Filter>ソース ファイル\graphics\Sprite</Filter>
    </ClCompile>
    <ClCompile Include="graphics\Sprite\SpBuffer.cpp">
      <Filter>ソース ファイル\graphics\Sprite</Filter>
    </ClCompile>
    <ClCompile Include="graphics\GraphicsEngine.cpp">
      <Filter>ソース ファイル\graphics</Filter>
    </ClCompile>
    <ClCompile Include="math\Vector.cpp">
      <Filter>ソース ファイル\math</Filter>
    </ClCompile>
    <ClCompile Include="math\kMath.cpp">
      <Filter>ソース ファイル\math</Filter>
    </ClCompile>
    <ClCompile Include="math\Matrix.cpp">
      <Filter>ソース ファイル\math</Filter>
    </ClCompile>
    <ClCompile Include="graphics\Camera.cpp">
      <Filter>ソース ファイル\graphics</Filter>
    </ClCompile>
  </ItemGroup>
  <ItemGroup>
    <ClInclude Include="stdafx.h">
      <Filter>ソース ファイル</Filter>
    </ClInclude>
    <ClInclude Include="window\Window.h">
      <Filter>ソース ファイル\window</Filter>
    </ClInclude>
    <ClInclude Include="graphics\Sprite\Sprite.h">
      <Filter>ソース ファイル\graphics\Sprite</Filter>
    </ClInclude>
    <ClInclude Include="graphics\Sprite\Effect.h">
      <Filter>ソース ファイル\graphics\Sprite</Filter>
    </ClInclude>
    <ClInclude Include="graphics\Sprite\SpBuffer.h">
      <Filter>ソース ファイル\graphics\Sprite</Filter>
    </ClInclude>
    <ClInclude Include="graphics\GraphicsEngine.h">
      <Filter>ソース ファイル\graphics</Filter>
    </ClInclude>
    <ClInclude Include="math\Matrix.h">
      <Filter>ソース ファイル\math</Filter>
    </ClInclude>
    <ClInclude Include="math\Vector.h">
      <Filter>ソース ファイル\math</Filter>
    </ClInclude>
    <ClInclude Include="math\kMath.h">
      <Filter>ソース ファイル\math</Filter>
    </ClInclude>
    <ClInclude Include="graphics\Camera.h">
      <Filter>ソース ファイル\graphics</Filter>
    </ClInclude>
  </ItemGroup>
</Project>